
Microsoft Visual Studio Solution File, Format Version 12.00
# Visual Studio Version 16
VisualStudioVersion = 16.0.31019.35
MinimumVisualStudioVersion = 10.0.40219.1
Project("{FAE04EC0-301F-11D3-BF4B-00C04F79EFBC}") = "AcikArtirmaApi", "AcikArtirmaApi\AcikArtirmaApi.csproj", "{3DB77B2B-D5A5-49E0-ABA4-E3F45529F33B}"
EndProject
Project("{FAE04EC0-301F-11D3-BF4B-00C04F79EFBC}") = "Client", "Client\Client.csproj", "{4CCBFEA8-14FA-4A3A-804E-4723AF578A46}"
EndProject
Global
	GlobalSection(SolutionConfigurationPlatforms) = preSolution
		Debug|Any CPU = Debug|Any CPU
		Release|Any CPU = Release|Any CPU
	EndGlobalSection
	GlobalSection(ProjectConfigurationPlatforms) = postSolution
		{3DB77B2B-D5A5-49E0-ABA4-E3F45529F33B}.Debug|Any CPU.ActiveCfg = Debug|Any CPU
		{3DB77B2B-D5A5-49E0-ABA4-E3F45529F33B}.Debug|Any CPU.Build.0 = Debug|Any CPU
		{3DB77B2B-D5A5-49E0-ABA4-E3F45529F33B}.Release|Any CPU.ActiveCfg = Release|Any CPU
		{3DB77B2B-D5A5-49E0-ABA4-E3F45529F33B}.Release|Any CPU.Build.0 = Release|Any CPU
		{4CCBFEA8-14FA-4A3A-804E-4723AF578A46}.Debug|Any CPU.ActiveCfg = Debug|Any CPU
		{4CCBFEA8-14FA-4A3A-804E-4723AF578A46}.Debug|Any CPU.Build.0 = Debug|Any CPU
		{4CCBFEA8-14FA-4A3A-804E-4723AF578A46}.Release|Any CPU.ActiveCfg = Release|Any CPU
		{4CCBFEA8-14FA-4A3A-804E-4723AF578A46}.Release|Any CPU.Build.0 = Release|Any CPU
	EndGlobalSection
	GlobalSection(SolutionProperties) = preSolution
		HideSolutionNode = FALSE
	EndGlobalSection
	GlobalSection(ExtensibilityGlobals) = postSolution
		SolutionGuid = {9887D5C8-5BDD-4E0C-BD62-A81D1A4DAD97}
	EndGlobalSection
EndGlobal
